# THIS IS AN AUTOGENERATED FILE. DO NOT EDIT THIS FILE DIRECTLY.
# yarn lockfile v1


"@types/node@^10.5.1":
  version "10.17.17"
  resolved "https://registry.npm.taobao.org/@types/node/download/@types/node-10.17.17.tgz?cache=0&sync_timestamp=1584884115169&other_urls=https%3A%2F%2Fregistry.npm.taobao.org%2F%40types%2Fnode%2Fdownload%2F%40types%2Fnode-10.17.17.tgz#7a183163a9e6ff720d86502db23ba4aade5999b8"
  integrity sha1-ehgxY6nm/3INhlAtsjukqt5Zmbg=

betsy@1.0.2:
  version "1.0.2"
  resolved "https://registry.npm.taobao.org/betsy/download/betsy-1.0.2.tgz#e53abc4750d6a6a112a7835f723db0ca01a3b197"
  integrity sha1-5Tq8R1DWpqESp4Nfcj2wygGjsZc=
  dependencies:
    "@types/node" "^10.5.1"
    tslib "^1.9.3"

is-plain-obj@^1.1.0:
  version "1.1.0"
  resolved "https://registry.npm.taobao.org/is-plain-obj/download/is-plain-obj-1.1.0.tgz?cache=0&sync_timestamp=1579603262724&other_urls=https%3A%2F%2Fregistry.npm.taobao.org%2Fis-plain-obj%2Fdownload%2Fis-plain-obj-1.1.0.tgz#71a50c8429dfca773c92a390a4a03b39fcd51d3e"
  integrity sha1-caUMhCnfync8kqOQpKA7OfzVHT4=

"js-tokens@^3.0.0 || ^4.0.0":
  version "4.0.0"
  resolved "https://registry.npm.taobao.org/js-tokens/download/js-tokens-4.0.0.tgz#19203fb59991df98e3a287050d4647cdeaf32499"
  integrity sha1-GSA/tZmR35jjoocFDUZHzerzJJk=

loose-envify@^1.1.0, loose-envify@^1.4.0:
  version "1.4.0"
  resolved "https://registry.npm.taobao.org/loose-envify/download/loose-envify-1.4.0.tgz#71ee51fa7be4caec1a63839f7e682d8132d30caf"
  integrity sha1-ce5R+nvkyuwaY4OffmgtgTLTDK8=
  dependencies:
    js-tokens "^3.0.0 || ^4.0.0"

object-assign@^4.1.1:
  version "4.1.1"
  resolved "https://registry.npm.taobao.org/object-assign/download/object-assign-4.1.1.tgz#2109adc7965887cfc05cbbd442cac8bfbb360863"
  integrity sha1-IQmtx5ZYh8/AXLvUQsrIv7s2CGM=

overmind-react@^24.0.1:
  version "24.0.1"
  resolved "https://registry.npm.taobao.org/overmind-react/download/overmind-react-24.0.1.tgz#48d6d2868e61001b0778845078e19874b0884b92"
  integrity sha1-SNbSho5hABsHeIRQeOGYdLCIS5I=
  dependencies:
    overmind "23.0.1"

overmind@23.0.1, overmind@^23.0.1:
  version "23.0.1"
  resolved "https://registry.npm.taobao.org/overmind/download/overmind-23.0.1.tgz#78366dbe33cb443d6652b3409e7191ffc4ffdd0a"
  integrity sha1-eDZtvjPLRD1mUrNAnnGR/8T/3Qo=
  dependencies:
    betsy "1.0.2"
    is-plain-obj "^1.1.0"
    proxy-state-tree "5.0.0"
    tslib "^1.10.0"

prop-types@^15.6.2:
  version "15.7.2"
  resolved "https://registry.npm.taobao.org/prop-types/download/prop-types-15.7.2.tgz?cache=0&sync_timestamp=1566286945921&other_urls=https%3A%2F%2Fregistry.npm.taobao.org%2Fprop-types%2Fdownload%2Fprop-types-15.7.2.tgz#52c41e75b8c87e72b9d9360e0206b99dcbffa6c5"
  integrity sha1-UsQedbjIfnK52TYOAga5ncv/psU=
  dependencies:
    loose-envify "^1.4.0"
    object-assign "^4.1.1"
    react-is "^16.8.1"

proxy-state-tree@5.0.0:
  version "5.0.0"
  resolved "https://registry.npm.taobao.org/proxy-state-tree/download/proxy-state-tree-5.0.0.tgz#0f43d10abc5130a4bd5b186585b33b5236d834a3"
  integrity sha1-D0PRCrxRMKS9WxhlhbM7UjbYNKM=
  dependencies:
    is-plain-obj "^1.1.0"

react-dom@^16.13.1:
  version "16.13.1"
  resolved "https://registry.npm.taobao.org/react-dom/download/react-dom-16.13.1.tgz?cache=0&other_urls=https%3A%2F%2Fregistry.npm.taobao.org%2Freact-dom%2Fdownload%2Freact-dom-16.13.1.tgz#c1bd37331a0486c078ee54c4740720993b2e0e7f"
  integrity sha1-wb03MxoEhsB47lTEdAcgmTsuDn8=
  dependencies:
    loose-envify "^1.1.0"
    object-assign "^4.1.1"
    prop-types "^15.6.2"
    scheduler "^0.19.1"

react-is@^16.8.1:
  version "16.13.1"
  resolved "https://registry.npm.taobao.org/react-is/download/react-is-16.13.1.tgz#789729a4dc36de2999dc156dd6c1d9c18cea56a4"
  integrity sha1-eJcppNw23imZ3BVt1sHZwYzqVqQ=

react@^16.13.1:
  version "16.13.1"
  resolved "https://registry.npm.taobao.org/react/download/react-16.13.1.tgz#2e818822f1a9743122c063d6410d85c1e3afe48e"
  integrity sha1-LoGIIvGpdDEiwGPWQQ2FweOv5I4=
  dependencies:
    loose-envify "^1.1.0"
    object-assign "^4.1.1"
    prop-types "^15.6.2"

scheduler@^0.19.1:
  version "0.19.1"
  resolved "https://registry.npm.taobao.org/scheduler/download/scheduler-0.19.1.tgz#4f3e2ed2c1a7d65681f4c854fa8c5a1ccb40f196"
  integrity sha1-Tz4u0sGn1laB9MhU+oxaHMtA8ZY=
  dependencies:
    loose-envify "^1.1.0"
    object-assign "^4.1.1"

tslib@^1.10.0, tslib@^1.9.3:
  version "1.11.1"
  resolved "https://registry.npm.taobao.org/tslib/download/tslib-1.11.1.tgz?cache=0&sync_timestamp=1582831992347&other_urls=https%3A%2F%2Fregistry.npm.taobao.org%2Ftslib%2Fdownload%2Ftslib-1.11.1.tgz#eb15d128827fbee2841549e171f45ed338ac7e35"
  integrity sha1-6xXRKIJ/vuKEFUnhcfRe0zisfjU=
